
Microsoft Visual Studio Solution File, Format Version 12.00
# Visual Studio Version 17
VisualStudioVersion = 17.10.34928.147
MinimumVisualStudioVersion = 10.0.40219.1
Project("{FAE04EC0-301F-11D3-BF4B-00C04F79EFBC}") = "ShakespeareChat", "src\ShakespeareChat\ShakespeareChat.csproj", "{AC4C8BE2-D09D-40A6-9D14-C5BF56AF7274}"
EndProject
Global
	GlobalSection(SolutionConfigurationPlatforms) = preSolution
		Debug|Any CPU = Debug|Any CPU
		Release|Any CPU = Release|Any CPU
	EndGlobalSection
	GlobalSection(ProjectConfigurationPlatforms) = postSolution
		{AC4C8BE2-D09D-40A6-9D14-C5BF56AF7274}.Debug|Any CPU.ActiveCfg = Debug|Any CPU
		{AC4C8BE2-D09D-40A6-9D14-C5BF56AF7274}.Debug|Any CPU.Build.0 = Debug|Any CPU
		{AC4C8BE2-D09D-40A6-9D14-C5BF56AF7274}.Release|Any CPU.ActiveCfg = Release|Any CPU
		{AC4C8BE2-D09D-40A6-9D14-C5BF56AF7274}.Release|Any CPU.Build.0 = Release|Any CPU
	EndGlobalSection
	GlobalSection(SolutionProperties) = preSolution
		HideSolutionNode = FALSE
	EndGlobalSection
	GlobalSection(ExtensibilityGlobals) = postSolution
		SolutionGuid = {1F4017F9-F70C-46C3-8A71-F6AF404A780B}
	EndGlobalSection
EndGlobal
